
Microsoft Visual Studio Solution File, Format Version 12.00
# Visual Studio Version 16
VisualStudioVersion = 16.0.30114.105
MinimumVisualStudioVersion = 10.0.40219.1
Project("{2150E333-8FDC-42A3-9474-1A3956D46DE8}") = "src", "src", "{A7883E80-3006-40E6-9F1F-51FC0DC7E7A4}"
EndProject
Project("{2150E333-8FDC-42A3-9474-1A3956D46DE8}") = "core", "core", "{44F003EA-2A8C-4355-9A25-B38294597419}"
EndProject
Project("{FAE04EC0-301F-11D3-BF4B-00C04F79EFBC}") = "Travel.Domain", "src\core\Travel.Domain\Travel.Domain.csproj", "{EED96589-4158-4E8F-A346-83D090BB0A7F}"
EndProject
Project("{FAE04EC0-301F-11D3-BF4B-00C04F79EFBC}") = "Travel.Application", "src\core\Travel.Application\Travel.Application.csproj", "{D3CB4AF2-2A0C-4603-BA93-C3E1A6E25C14}"
EndProject
Project("{2150E333-8FDC-42A3-9474-1A3956D46DE8}") = "infrastructure", "infrastructure", "{AF4CF4D1-400F-4325-B0AA-8F0535950DD0}"
EndProject
Project("{FAE04EC0-301F-11D3-BF4B-00C04F79EFBC}") = "Travel.Data", "src\infrastructure\Travel.Data\Travel.Data.csproj", "{D365BC4F-2EC7-4D0E-835B-48A417720F8D}"
EndProject
Project("{FAE04EC0-301F-11D3-BF4B-00C04F79EFBC}") = "Travel.Shared", "src\infrastructure\Travel.Shared\Travel.Shared.csproj", "{6CB11C43-EE96-4109-8C1D-090C7F587349}"
EndProject
Project("{2150E333-8FDC-42A3-9474-1A3956D46DE8}") = "presentation", "presentation", "{9449CF5B-DAE9-490C-A71F-24BC9B4034B6}"
EndProject
Project("{FAE04EC0-301F-11D3-BF4B-00C04F79EFBC}") = "Travel.WebApi", "src\presentation\Travel.WebApi\Travel.WebApi.csproj", "{FCFFA4C5-8768-431D-8680-78087D218FC0}"
EndProject
Global
	GlobalSection(SolutionConfigurationPlatforms) = preSolution
		Debug|Any CPU = Debug|Any CPU
		Debug|x64 = Debug|x64
		Debug|x86 = Debug|x86
		Release|Any CPU = Release|Any CPU
		Release|x64 = Release|x64
		Release|x86 = Release|x86
	EndGlobalSection
	GlobalSection(SolutionProperties) = preSolution
		HideSolutionNode = FALSE
	EndGlobalSection
	GlobalSection(ProjectConfigurationPlatforms) = postSolution
		{EED96589-4158-4E8F-A346-83D090BB0A7F}.Debug|Any CPU.ActiveCfg = Debug|Any CPU
		{EED96589-4158-4E8F-A346-83D090BB0A7F}.Debug|Any CPU.Build.0 = Debug|Any CPU
		{EED96589-4158-4E8F-A346-83D090BB0A7F}.Debug|x64.ActiveCfg = Debug|Any CPU
		{EED96589-4158-4E8F-A346-83D090BB0A7F}.Debug|x64.Build.0 = Debug|Any CPU
		{EED96589-4158-4E8F-A346-83D090BB0A7F}.Debug|x86.ActiveCfg = Debug|Any CPU
		{EED96589-4158-4E8F-A346-83D090BB0A7F}.Debug|x86.Build.0 = Debug|Any CPU
		{EED96589-4158-4E8F-A346-83D090BB0A7F}.Release|Any CPU.ActiveCfg = Release|Any CPU
		{EED96589-4158-4E8F-A346-83D090BB0A7F}.Release|Any CPU.Build.0 = Release|Any CPU
		{EED96589-4158-4E8F-A346-83D090BB0A7F}.Release|x64.ActiveCfg = Release|Any CPU
		{EED96589-4158-4E8F-A346-83D090BB0A7F}.Release|x64.Build.0 = Release|Any CPU
		{EED96589-4158-4E8F-A346-83D090BB0A7F}.Release|x86.ActiveCfg = Release|Any CPU
		{EED96589-4158-4E8F-A346-83D090BB0A7F}.Release|x86.Build.0 = Release|Any CPU
		{D3CB4AF2-2A0C-4603-BA93-C3E1A6E25C14}.Debug|Any CPU.ActiveCfg = Debug|Any CPU
		{D3CB4AF2-2A0C-4603-BA93-C3E1A6E25C14}.Debug|Any CPU.Build.0 = Debug|Any CPU
		{D3CB4AF2-2A0C-4603-BA93-C3E1A6E25C14}.Debug|x64.ActiveCfg = Debug|Any CPU
		{D3CB4AF2-2A0C-4603-BA93-C3E1A6E25C14}.Debug|x64.Build.0 = Debug|Any CPU
		{D3CB4AF2-2A0C-4603-BA93-C3E1A6E25C14}.Debug|x86.ActiveCfg = Debug|Any CPU
		{D3CB4AF2-2A0C-4603-BA93-C3E1A6E25C14}.Debug|x86.Build.0 = Debug|Any CPU
		{D3CB4AF2-2A0C-4603-BA93-C3E1A6E25C14}.Release|Any CPU.ActiveCfg = Release|Any CPU
		{D3CB4AF2-2A0C-4603-BA93-C3E1A6E25C14}.Release|Any CPU.Build.0 = Release|Any CPU
		{D3CB4AF2-2A0C-4603-BA93-C3E1A6E25C14}.Release|x64.ActiveCfg = Release|Any CPU
		{D3CB4AF2-2A0C-4603-BA93-C3E1A6E25C14}.Release|x64.Build.0 = Release|Any CPU
		{D3CB4AF2-2A0C-4603-BA93-C3E1A6E25C14}.Release|x86.ActiveCfg = Release|Any CPU
		{D3CB4AF2-2A0C-4603-BA93-C3E1A6E25C14}.Release|x86.Build.0 = Release|Any CPU
		{D365BC4F-2EC7-4D0E-835B-48A417720F8D}.Debug|Any CPU.ActiveCfg = Debug|Any CPU
		{D365BC4F-2EC7-4D0E-835B-48A417720F8D}.Debug|Any CPU.Build.0 = Debug|Any CPU
		{D365BC4F-2EC7-4D0E-835B-48A417720F8D}.Debug|x64.ActiveCfg = Debug|Any CPU
		{D365BC4F-2EC7-4D0E-835B-48A417720F8D}.Debug|x64.Build.0 = Debug|Any CPU
		{D365BC4F-2EC7-4D0E-835B-48A417720F8D}.Debug|x86.ActiveCfg = Debug|Any CPU
		{D365BC4F-2EC7-4D0E-835B-48A417720F8D}.Debug|x86.Build.0 = Debug|Any CPU
		{D365BC4F-2EC7-4D0E-835B-48A417720F8D}.Release|Any CPU.ActiveCfg = Release|Any CPU
		{D365BC4F-2EC7-4D0E-835B-48A417720F8D}.Release|Any CPU.Build.0 = Release|Any CPU
		{D365BC4F-2EC7-4D0E-835B-48A417720F8D}.Release|x64.ActiveCfg = Release|Any CPU
		{D365BC4F-2EC7-4D0E-835B-48A417720F8D}.Release|x64.Build.0 = Release|Any CPU
		{D365BC4F-2EC7-4D0E-835B-48A417720F8D}.Release|x86.ActiveCfg = Release|Any CPU
		{D365BC4F-2EC7-4D0E-835B-48A417720F8D}.Release|x86.Build.0 = Release|Any CPU
		{6CB11C43-EE96-4109-8C1D-090C7F587349}.Debug|Any CPU.ActiveCfg = Debug|Any CPU
		{6CB11C43-EE96-4109-8C1D-090C7F587349}.Debug|Any CPU.Build.0 = Debug|Any CPU
		{6CB11C43-EE96-4109-8C1D-090C7F587349}.Debug|x64.ActiveCfg = Debug|Any CPU
		{6CB11C43-EE96-4109-8C1D-090C7F587349}.Debug|x64.Build.0 = Debug|Any CPU
		{6CB11C43-EE96-4109-8C1D-090C7F587349}.Debug|x86.ActiveCfg = Debug|Any CPU
		{6CB11C43-EE96-4109-8C1D-090C7F587349}.Debug|x86.Build.0 = Debug|Any CPU
		{6CB11C43-EE96-4109-8C1D-090C7F587349}.Release|Any CPU.ActiveCfg = Release|Any CPU
		{6CB11C43-EE96-4109-8C1D-090C7F587349}.Release|Any CPU.Build.0 = Release|Any CPU
		{6CB11C43-EE96-4109-8C1D-090C7F587349}.Release|x64.ActiveCfg = Release|Any CPU
		{6CB11C43-EE96-4109-8C1D-090C7F587349}.Release|x64.Build.0 = Release|Any CPU
		{6CB11C43-EE96-4109-8C1D-090C7F587349}.Release|x86.ActiveCfg = Release|Any CPU
		{6CB11C43-EE96-4109-8C1D-090C7F587349}.Release|x86.Build.0 = Release|Any CPU
		{FCFFA4C5-8768-431D-8680-78087D218FC0}.Debug|Any CPU.ActiveCfg = Debug|Any CPU
		{FCFFA4C5-8768-431D-8680-78087D218FC0}.Debug|Any CPU.Build.0 = Debug|Any CPU
		{FCFFA4C5-8768-431D-8680-78087D218FC0}.Debug|x64.ActiveCfg = Debug|Any CPU
		{FCFFA4C5-8768-431D-8680-78087D218FC0}.Debug|x64.Build.0 = Debug|Any CPU
		{FCFFA4C5-8768-431D-8680-78087D218FC0}.Debug|x86.ActiveCfg = Debug|Any CPU
		{FCFFA4C5-8768-431D-8680-78087D218FC0}.Debug|x86.Build.0 = Debug|Any CPU
		{FCFFA4C5-8768-431D-8680-78087D218FC0}.Release|Any CPU.ActiveCfg = Release|Any CPU
		{FCFFA4C5-8768-431D-8680-78087D218FC0}.Release|Any CPU.Build.0 = Release|Any CPU
		{FCFFA4C5-8768-431D-8680-78087D218FC0}.Release|x64.ActiveCfg = Release|Any CPU
		{FCFFA4C5-8768-431D-8680-78087D218FC0}.Release|x64.Build.0 = Release|Any CPU
		{FCFFA4C5-8768-431D-8680-78087D218FC0}.Release|x86.ActiveCfg = Release|Any CPU
		{FCFFA4C5-8768-431D-8680-78087D218FC0}.Release|x86.Build.0 = Release|Any CPU
	EndGlobalSection
	GlobalSection(NestedProjects) = preSolution
		{44F003EA-2A8C-4355-9A25-B38294597419} = {A7883E80-3006-40E6-9F1F-51FC0DC7E7A4}
		{EED96589-4158-4E8F-A346-83D090BB0A7F} = {44F003EA-2A8C-4355-9A25-B38294597419}
		{D3CB4AF2-2A0C-4603-BA93-C3E1A6E25C14} = {44F003EA-2A8C-4355-9A25-B38294597419}
		{AF4CF4D1-400F-4325-B0AA-8F0535950DD0} = {A7883E80-3006-40E6-9F1F-51FC0DC7E7A4}
		{D365BC4F-2EC7-4D0E-835B-48A417720F8D} = {AF4CF4D1-400F-4325-B0AA-8F0535950DD0}
		{6CB11C43-EE96-4109-8C1D-090C7F587349} = {AF4CF4D1-400F-4325-B0AA-8F0535950DD0}
		{9449CF5B-DAE9-490C-A71F-24BC9B4034B6} = {A7883E80-3006-40E6-9F1F-51FC0DC7E7A4}
		{FCFFA4C5-8768-431D-8680-78087D218FC0} = {9449CF5B-DAE9-490C-A71F-24BC9B4034B6}
	EndGlobalSection
EndGlobal
